
Microsoft Visual Studio Solution File, Format Version 12.00
# Visual Studio Version 16
VisualStudioVersion = 16.0.31410.357
MinimumVisualStudioVersion = 10.0.40219.1
Project("{FAE04EC0-301F-11D3-BF4B-00C04F79EFBC}") = "Facade", "Facade\Facade.csproj", "{B701DF8F-DA25-492D-AA73-37F730D14A99}"
EndProject
Global
	GlobalSection(SolutionConfigurationPlatforms) = preSolution
		Debug|Any CPU = Debug|Any CPU
		Release|Any CPU = Release|Any CPU
	EndGlobalSection
	GlobalSection(ProjectConfigurationPlatforms) = postSolution
		{B701DF8F-DA25-492D-AA73-37F730D14A99}.Debug|Any CPU.ActiveCfg = Debug|Any CPU
		{B701DF8F-DA25-492D-AA73-37F730D14A99}.Debug|Any CPU.Build.0 = Debug|Any CPU
		{B701DF8F-DA25-492D-AA73-37F730D14A99}.Release|Any CPU.ActiveCfg = Release|Any CPU
		{B701DF8F-DA25-492D-AA73-37F730D14A99}.Release|Any CPU.Build.0 = Release|Any CPU
	EndGlobalSection
	GlobalSection(SolutionProperties) = preSolution
		HideSolutionNode = FALSE
	EndGlobalSection
	GlobalSection(ExtensibilityGlobals) = postSolution
		SolutionGuid = {0439D434-74E7-430B-935F-0933DDF0DED1}
	EndGlobalSection
EndGlobal
